
Microsoft Visual Studio Solution File, Format Version 12.00
# Visual Studio Version 16
VisualStudioVersion = 16.0.29926.136
MinimumVisualStudioVersion = 10.0.40219.1
Project("{9A19103F-16F7-4668-BE54-9A1E7A4F7556}") = "BooleanAlgebra", "BooleanAlgebra\BooleanAlgebra.csproj", "{96F314A7-3C34-4EF0-9835-0B3439186E8D}"
EndProject
Project("{9A19103F-16F7-4668-BE54-9A1E7A4F7556}") = "BooleanAlgebraUnitTests", "BooleanAlgebraUnitTests\BooleanAlgebraUnitTests.csproj", "{A8093141-975E-4273-9049-2BC66E2D28AB}"
EndProject
Project("{9A19103F-16F7-4668-BE54-9A1E7A4F7556}") = "ConsoleInterface", "ConsoleInterface\ConsoleInterface.csproj", "{30DB4A88-149E-4693-8503-3CA621FAF82C}"
EndProject
Project("{9A19103F-16F7-4668-BE54-9A1E7A4F7556}") = "SequentialAlgebra", "SequentialAlgebra\SequentialAlgebra.csproj", "{C7FB0959-BE79-4DF5-95F0-1E958DFA8134}"
EndProject
Project("{FAE04EC0-301F-11D3-BF4B-00C04F79EFBC}") = "NumberConversion", "NumberConversion\NumberConversion.csproj", "{0A4DF735-DDD6-4958-A3F4-DB3E6E77A278}"
EndProject
Project("{FAE04EC0-301F-11D3-BF4B-00C04F79EFBC}") = "NumberConversionTests", "NumberConversionTests\NumberConversionTests.csproj", "{A4B61BF4-A0F0-4253-85AE-3675733B4D26}"
EndProject
Global
	GlobalSection(SolutionConfigurationPlatforms) = preSolution
		Debug|Any CPU = Debug|Any CPU
		Release|Any CPU = Release|Any CPU
	EndGlobalSection
	GlobalSection(ProjectConfigurationPlatforms) = postSolution
		{96F314A7-3C34-4EF0-9835-0B3439186E8D}.Debug|Any CPU.ActiveCfg = Debug|Any CPU
		{96F314A7-3C34-4EF0-9835-0B3439186E8D}.Debug|Any CPU.Build.0 = Debug|Any CPU
		{96F314A7-3C34-4EF0-9835-0B3439186E8D}.Release|Any CPU.ActiveCfg = Release|Any CPU
		{96F314A7-3C34-4EF0-9835-0B3439186E8D}.Release|Any CPU.Build.0 = Release|Any CPU
		{A8093141-975E-4273-9049-2BC66E2D28AB}.Debug|Any CPU.ActiveCfg = Debug|Any CPU
		{A8093141-975E-4273-9049-2BC66E2D28AB}.Debug|Any CPU.Build.0 = Debug|Any CPU
		{A8093141-975E-4273-9049-2BC66E2D28AB}.Release|Any CPU.ActiveCfg = Release|Any CPU
		{A8093141-975E-4273-9049-2BC66E2D28AB}.Release|Any CPU.Build.0 = Release|Any CPU
		{30DB4A88-149E-4693-8503-3CA621FAF82C}.Debug|Any CPU.ActiveCfg = Debug|Any CPU
		{30DB4A88-149E-4693-8503-3CA621FAF82C}.Debug|Any CPU.Build.0 = Debug|Any CPU
		{30DB4A88-149E-4693-8503-3CA621FAF82C}.Release|Any CPU.ActiveCfg = Release|Any CPU
		{30DB4A88-149E-4693-8503-3CA621FAF82C}.Release|Any CPU.Build.0 = Release|Any CPU
		{C7FB0959-BE79-4DF5-95F0-1E958DFA8134}.Debug|Any CPU.ActiveCfg = Debug|Any CPU
		{C7FB0959-BE79-4DF5-95F0-1E958DFA8134}.Debug|Any CPU.Build.0 = Debug|Any CPU
		{C7FB0959-BE79-4DF5-95F0-1E958DFA8134}.Release|Any CPU.ActiveCfg = Release|Any CPU
		{C7FB0959-BE79-4DF5-95F0-1E958DFA8134}.Release|Any CPU.Build.0 = Release|Any CPU
		{0A4DF735-DDD6-4958-A3F4-DB3E6E77A278}.Debug|Any CPU.ActiveCfg = Debug|Any CPU
		{0A4DF735-DDD6-4958-A3F4-DB3E6E77A278}.Debug|Any CPU.Build.0 = Debug|Any CPU
		{0A4DF735-DDD6-4958-A3F4-DB3E6E77A278}.Release|Any CPU.ActiveCfg = Release|Any CPU
		{0A4DF735-DDD6-4958-A3F4-DB3E6E77A278}.Release|Any CPU.Build.0 = Release|Any CPU
		{A4B61BF4-A0F0-4253-85AE-3675733B4D26}.Debug|Any CPU.ActiveCfg = Debug|Any CPU
		{A4B61BF4-A0F0-4253-85AE-3675733B4D26}.Debug|Any CPU.Build.0 = Debug|Any CPU
		{A4B61BF4-A0F0-4253-85AE-3675733B4D26}.Release|Any CPU.ActiveCfg = Release|Any CPU
		{A4B61BF4-A0F0-4253-85AE-3675733B4D26}.Release|Any CPU.Build.0 = Release|Any CPU
	EndGlobalSection
	GlobalSection(SolutionProperties) = preSolution
		HideSolutionNode = FALSE
	EndGlobalSection
	GlobalSection(ExtensibilityGlobals) = postSolution
		SolutionGuid = {423795FC-5047-4A21-A5F2-D9E6B92E7412}
	EndGlobalSection
EndGlobal
